
Microsoft Visual Studio Solution File, Format Version 12.00
# Visual Studio 15
VisualStudioVersion = 15.0.27703.2026
MinimumVisualStudioVersion = 10.0.40219.1
Project("{FAE04EC0-301F-11D3-BF4B-00C04F79EFBC}") = "InpliConfigSyncService", "InpliConfigSyncService\InpliConfigSyncService.csproj", "{31CAC3E5-7AC6-488D-9376-02C6D19A82E6}"
EndProject
Global
	GlobalSection(SolutionConfigurationPlatforms) = preSolution
		Debug|Any CPU = Debug|Any CPU
		Release|Any CPU = Release|Any CPU
	EndGlobalSection
	GlobalSection(ProjectConfigurationPlatforms) = postSolution
		{31CAC3E5-7AC6-488D-9376-02C6D19A82E6}.Debug|Any CPU.ActiveCfg = Debug|Any CPU
		{31CAC3E5-7AC6-488D-9376-02C6D19A82E6}.Debug|Any CPU.Build.0 = Debug|Any CPU
		{31CAC3E5-7AC6-488D-9376-02C6D19A82E6}.Release|Any CPU.ActiveCfg = Release|Any CPU
		{31CAC3E5-7AC6-488D-9376-02C6D19A82E6}.Release|Any CPU.Build.0 = Release|Any CPU
	EndGlobalSection
	GlobalSection(SolutionProperties) = preSolution
		HideSolutionNode = FALSE
	EndGlobalSection
	GlobalSection(ExtensibilityGlobals) = postSolution
		SolutionGuid = {35D90C27-96DA-4EEC-96C3-09953A83324C}
	EndGlobalSection
EndGlobal
